// !$*UTF8*$!
{
	archiveVersion = 1;
	classes = {
	};
	objectVersion = 46;
	objects = {

/* Begin PBXBuildFile section */
		3A4F33DD1E3ABAD800625D8E /* ZZUtil.h in Headers */ = {isa = PBXBuildFile; fileRef = 3A4F33DB1E3ABAD800625D8E /* ZZUtil.h */; settings = {ATTRIBUTES = (Public, ); }; };
		3A4F34211E3ABAF100625D8E /* Foundation+ZZLog.m in Sources */ = {isa = PBXBuildFile; fileRef = 3A4F33E51E3ABAF100625D8E /* Foundation+ZZLog.m */; };
		3A4F34221E3ABAF100625D8E /* Foundation+ZZSwizzle.h in Headers */ = {isa = PBXBuildFile; fileRef = 3A4F33E61E3ABAF100625D8E /* Foundation+ZZSwizzle.h */; settings = {ATTRIBUTES = (Public, ); }; };
		3A4F34231E3ABAF100625D8E /* Foundation+ZZSwizzle.m in Sources */ = {isa = PBXBuildFile; fileRef = 3A4F33E71E3ABAF100625D8E /* Foundation+ZZSwizzle.m */; };
		3A4F34241E3ABAF100625D8E /* NSArray+ZZSafeAccess.h in Headers */ = {isa = PBXBuildFile; fileRef = 3A4F33E91E3ABAF100625D8E /* NSArray+ZZSafeAccess.h */; settings = {ATTRIBUTES = (Public, ); }; };
		3A4F34251E3ABAF100625D8E /* NSArray+ZZSafeAccess.m in Sources */ = {isa = PBXBuildFile; fileRef = 3A4F33EA1E3ABAF100625D8E /* NSArray+ZZSafeAccess.m */; };
		3A4F34261E3ABAF100625D8E /* NSMutableArray+ZZSetValue.h in Headers */ = {isa = PBXBuildFile; fileRef = 3A4F33EB1E3ABAF100625D8E /* NSMutableArray+ZZSetValue.h */; settings = {ATTRIBUTES = (Public, ); }; };
		3A4F34271E3ABAF100625D8E /* NSMutableArray+ZZSetValue.m in Sources */ = {isa = PBXBuildFile; fileRef = 3A4F33EC1E3ABAF100625D8E /* NSMutableArray+ZZSetValue.m */; };
		3A4F34281E3ABAF100625D8E /* NSDictionary+ZZMerge.h in Headers */ = {isa = PBXBuildFile; fileRef = 3A4F33EE1E3ABAF100625D8E /* NSDictionary+ZZMerge.h */; settings = {ATTRIBUTES = (Public, ); }; };
		3A4F34291E3ABAF100625D8E /* NSDictionary+ZZMerge.m in Sources */ = {isa = PBXBuildFile; fileRef = 3A4F33EF1E3ABAF100625D8E /* NSDictionary+ZZMerge.m */; };
		3A4F342A1E3ABAF100625D8E /* NSDictionary+ZZSafeAccess.h in Headers */ = {isa = PBXBuildFile; fileRef = 3A4F33F01E3ABAF100625D8E /* NSDictionary+ZZSafeAccess.h */; settings = {ATTRIBUTES = (Public, ); }; };
		3A4F342B1E3ABAF100625D8E /* NSDictionary+ZZSafeAccess.m in Sources */ = {isa = PBXBuildFile; fileRef = 3A4F33F11E3ABAF100625D8E /* NSDictionary+ZZSafeAccess.m */; };
		3A4F342C1E3ABAF100625D8E /* NSDictionary+ZZTool.h in Headers */ = {isa = PBXBuildFile; fileRef = 3A4F33F21E3ABAF100625D8E /* NSDictionary+ZZTool.h */; settings = {ATTRIBUTES = (Public, ); }; };
		3A4F342D1E3ABAF100625D8E /* NSDictionary+ZZTool.m in Sources */ = {isa = PBXBuildFile; fileRef = 3A4F33F31E3ABAF100625D8E /* NSDictionary+ZZTool.m */; };
		3A4F342E1E3ABAF100625D8E /* NSMutableDictionary+ZZSetValue.h in Headers */ = {isa = PBXBuildFile; fileRef = 3A4F33F41E3ABAF100625D8E /* NSMutableDictionary+ZZSetValue.h */; settings = {ATTRIBUTES = (Public, ); }; };
		3A4F342F1E3ABAF100625D8E /* NSMutableDictionary+ZZSetValue.m in Sources */ = {isa = PBXBuildFile; fileRef = 3A4F33F51E3ABAF100625D8E /* NSMutableDictionary+ZZSetValue.m */; };
		3A4F34321E3ABAF100625D8E /* NSObject+ZZAssociatedObject.h in Headers */ = {isa = PBXBuildFile; fileRef = 3A4F33F91E3ABAF100625D8E /* NSObject+ZZAssociatedObject.h */; settings = {ATTRIBUTES = (Public, ); }; };
		3A4F34331E3ABAF100625D8E /* NSObject+ZZAssociatedObject.m in Sources */ = {isa = PBXBuildFile; fileRef = 3A4F33FA1E3ABAF100625D8E /* NSObject+ZZAssociatedObject.m */; };
		3A4F34341E3ABAF100625D8E /* NSObject+ZZCheckup.h in Headers */ = {isa = PBXBuildFile; fileRef = 3A4F33FB1E3ABAF100625D8E /* NSObject+ZZCheckup.h */; settings = {ATTRIBUTES = (Public, ); }; };
		3A4F34351E3ABAF100625D8E /* NSObject+ZZCheckup.m in Sources */ = {isa = PBXBuildFile; fileRef = 3A4F33FC1E3ABAF100625D8E /* NSObject+ZZCheckup.m */; };
		3A4F34361E3ABAF100625D8E /* NSString+ZZBase64.h in Headers */ = {isa = PBXBuildFile; fileRef = 3A4F33FE1E3ABAF100625D8E /* NSString+ZZBase64.h */; settings = {ATTRIBUTES = (Public, ); }; };
		3A4F34371E3ABAF100625D8E /* NSString+ZZBase64.m in Sources */ = {isa = PBXBuildFile; fileRef = 3A4F33FF1E3ABAF100625D8E /* NSString+ZZBase64.m */; };
		3A4F34381E3ABAF100625D8E /* NSString+ZZHash.h in Headers */ = {isa = PBXBuildFile; fileRef = 3A4F34001E3ABAF100625D8E /* NSString+ZZHash.h */; settings = {ATTRIBUTES = (Public, ); }; };
		3A4F34391E3ABAF100625D8E /* NSString+ZZHash.m in Sources */ = {isa = PBXBuildFile; fileRef = 3A4F34011E3ABAF100625D8E /* NSString+ZZHash.m */; };
		3A4F343A1E3ABAF100625D8E /* NSString+ZZNetWork.h in Headers */ = {isa = PBXBuildFile; fileRef = 3A4F34021E3ABAF100625D8E /* NSString+ZZNetWork.h */; settings = {ATTRIBUTES = (Public, ); }; };
		3A4F343B1E3ABAF100625D8E /* NSString+ZZNetWork.m in Sources */ = {isa = PBXBuildFile; fileRef = 3A4F34031E3ABAF100625D8E /* NSString+ZZNetWork.m */; };
		3A4F343C1E3ABAF100625D8E /* NSString+ZZRegex.h in Headers */ = {isa = PBXBuildFile; fileRef = 3A4F34041E3ABAF100625D8E /* NSString+ZZRegex.h */; settings = {ATTRIBUTES = (Public, ); }; };
		3A4F343D1E3ABAF100625D8E /* NSString+ZZRegex.m in Sources */ = {isa = PBXBuildFile; fileRef = 3A4F34051E3ABAF100625D8E /* NSString+ZZRegex.m */; };
		3A4F343E1E3ABAF100625D8E /* NSString+ZZTool.h in Headers */ = {isa = PBXBuildFile; fileRef = 3A4F34061E3ABAF100625D8E /* NSString+ZZTool.h */; settings = {ATTRIBUTES = (Public, ); }; };
		3A4F343F1E3ABAF100625D8E /* NSString+ZZTool.m in Sources */ = {isa = PBXBuildFile; fileRef = 3A4F34071E3ABAF100625D8E /* NSString+ZZTool.m */; };
		3A4F34401E3ABAF100625D8E /* UIColor+ZZTool.h in Headers */ = {isa = PBXBuildFile; fileRef = 3A4F34091E3ABAF100625D8E /* UIColor+ZZTool.h */; settings = {ATTRIBUTES = (Public, ); }; };
		3A4F34411E3ABAF100625D8E /* UIColor+ZZTool.m in Sources */ = {isa = PBXBuildFile; fileRef = 3A4F340A1E3ABAF100625D8E /* UIColor+ZZTool.m */; };
		3A4F34421E3ABAF100625D8E /* UIImage+ZZTool.h in Headers */ = {isa = PBXBuildFile; fileRef = 3A4F340C1E3ABAF100625D8E /* UIImage+ZZTool.h */; settings = {ATTRIBUTES = (Public, ); }; };
		3A4F34431E3ABAF100625D8E /* UIImage+ZZTool.m in Sources */ = {isa = PBXBuildFile; fileRef = 3A4F340D1E3ABAF100625D8E /* UIImage+ZZTool.m */; };
		3A4F34441E3ABAF100625D8E /* UIView+ZZFrame.h in Headers */ = {isa = PBXBuildFile; fileRef = 3A4F340F1E3ABAF100625D8E /* UIView+ZZFrame.h */; settings = {ATTRIBUTES = (Public, ); }; };
		3A4F34451E3ABAF100625D8E /* UIView+ZZFrame.m in Sources */ = {isa = PBXBuildFile; fileRef = 3A4F34101E3ABAF100625D8E /* UIView+ZZFrame.m */; };
		3A4F34461E3ABAF100625D8E /* UIView+ZZTool.h in Headers */ = {isa = PBXBuildFile; fileRef = 3A4F34111E3ABAF100625D8E /* UIView+ZZTool.h */; settings = {ATTRIBUTES = (Public, ); }; };
		3A4F34471E3ABAF100625D8E /* UIView+ZZTool.m in Sources */ = {isa = PBXBuildFile; fileRef = 3A4F34121E3ABAF100625D8E /* UIView+ZZTool.m */; };
		3A4F34481E3ABAF100625D8E /* UIViewController+ZZStack.h in Headers */ = {isa = PBXBuildFile; fileRef = 3A4F34141E3ABAF100625D8E /* UIViewController+ZZStack.h */; settings = {ATTRIBUTES = (Public, ); }; };
		3A4F34491E3ABAF100625D8E /* UIViewController+ZZStack.m in Sources */ = {isa = PBXBuildFile; fileRef = 3A4F34151E3ABAF100625D8E /* UIViewController+ZZStack.m */; };
		3A4F344B1E3ABAF100625D8E /* ZZMacro.h in Headers */ = {isa = PBXBuildFile; fileRef = 3A4F34181E3ABAF100625D8E /* ZZMacro.h */; settings = {ATTRIBUTES = (Public, ); }; };
		3A4F344C1E3ABAF100625D8E /* LDNetGetAddress.h in Headers */ = {isa = PBXBuildFile; fileRef = 3A4F341A1E3ABAF100625D8E /* LDNetGetAddress.h */; settings = {ATTRIBUTES = (Public, ); }; };
		3A4F344D1E3ABAF100625D8E /* LDNetGetAddress.m in Sources */ = {isa = PBXBuildFile; fileRef = 3A4F341B1E3ABAF100625D8E /* LDNetGetAddress.m */; };
		3A4F344E1E3ABAF100625D8E /* route.h in Headers */ = {isa = PBXBuildFile; fileRef = 3A4F341C1E3ABAF100625D8E /* route.h */; };
		3A4F344F1E3ABAF100625D8E /* SSNetworkInfo.h in Headers */ = {isa = PBXBuildFile; fileRef = 3A4F341D1E3ABAF100625D8E /* SSNetworkInfo.h */; settings = {ATTRIBUTES = (Public, ); }; };
		3A4F34501E3ABAF100625D8E /* SSNetworkInfo.m in Sources */ = {isa = PBXBuildFile; fileRef = 3A4F341E1E3ABAF100625D8E /* SSNetworkInfo.m */; };
		3A4F34511E3ABAF100625D8E /* ZZNetwork.h in Headers */ = {isa = PBXBuildFile; fileRef = 3A4F341F1E3ABAF100625D8E /* ZZNetwork.h */; settings = {ATTRIBUTES = (Public, ); }; };
		3A4F34521E3ABAF100625D8E /* ZZNetwork.m in Sources */ = {isa = PBXBuildFile; fileRef = 3A4F34201E3ABAF100625D8E /* ZZNetwork.m */; };
		3A503E561E3AEB3E006ACDF1 /* ZZCategoryHeader.h in Headers */ = {isa = PBXBuildFile; fileRef = 3A503E551E3AEB3E006ACDF1 /* ZZCategoryHeader.h */; settings = {ATTRIBUTES = (Public, ); }; };
		3A503E721E3BC042006ACDF1 /* NSString+ZZPercentEscape.h in Headers */ = {isa = PBXBuildFile; fileRef = 3A503E701E3BC042006ACDF1 /* NSString+ZZPercentEscape.h */; settings = {ATTRIBUTES = (Public, ); }; };
		3A503E731E3BC042006ACDF1 /* NSString+ZZPercentEscape.m in Sources */ = {isa = PBXBuildFile; fileRef = 3A503E711E3BC042006ACDF1 /* NSString+ZZPercentEscape.m */; };
		3A503E7F1E3BC12F006ACDF1 /* DESSecureOperation.h in Headers */ = {isa = PBXBuildFile; fileRef = 3A503E761E3BC12F006ACDF1 /* DESSecureOperation.h */; settings = {ATTRIBUTES = (Public, ); }; };
		3A503E801E3BC12F006ACDF1 /* DESSecureOperation.m in Sources */ = {isa = PBXBuildFile; fileRef = 3A503E771E3BC12F006ACDF1 /* DESSecureOperation.m */; };
		3A503E811E3BC12F006ACDF1 /* GTMBase64.h in Headers */ = {isa = PBXBuildFile; fileRef = 3A503E781E3BC12F006ACDF1 /* GTMBase64.h */; };
		3A503E821E3BC12F006ACDF1 /* GTMBase64.m in Sources */ = {isa = PBXBuildFile; fileRef = 3A503E791E3BC12F006ACDF1 /* GTMBase64.m */; };
		3A503E831E3BC12F006ACDF1 /* GTMDefines.h in Headers */ = {isa = PBXBuildFile; fileRef = 3A503E7A1E3BC12F006ACDF1 /* GTMDefines.h */; };
		3A503E861E3BC12F006ACDF1 /* RsaSecretKey.h in Headers */ = {isa = PBXBuildFile; fileRef = 3A503E7D1E3BC12F006ACDF1 /* RsaSecretKey.h */; settings = {ATTRIBUTES = (Public, ); }; };
		3A503E871E3BC12F006ACDF1 /* RsaSecretKey.m in Sources */ = {isa = PBXBuildFile; fileRef = 3A503E7E1E3BC12F006ACDF1 /* RsaSecretKey.m */; };
		3A867E431E4A3B6F00224FCD /* Foundation+ZZLogMonitor.m in Sources */ = {isa = PBXBuildFile; fileRef = 3A867E421E4A3B6F00224FCD /* Foundation+ZZLogMonitor.m */; };
		3A867E461E4A3DCB00224FCD /* Foundation+ZZLogMonitor.h in Headers */ = {isa = PBXBuildFile; fileRef = 3A867E451E4A3DCB00224FCD /* Foundation+ZZLogMonitor.h */; settings = {ATTRIBUTES = (Public, ); }; };
		3AC699341E4D8FE200E112B8 /* NSObject+ZZResetProperty.h in Headers */ = {isa = PBXBuildFile; fileRef = 3AC699321E4D8FE200E112B8 /* NSObject+ZZResetProperty.h */; settings = {ATTRIBUTES = (Public, ); }; };
		3AC699351E4D8FE200E112B8 /* NSObject+ZZResetProperty.m in Sources */ = {isa = PBXBuildFile; fileRef = 3AC699331E4D8FE200E112B8 /* NSObject+ZZResetProperty.m */; };
		3AE7A43D1E4C006300C59B55 /* ZZSingleton.h in Headers */ = {isa = PBXBuildFile; fileRef = 3AE7A43C1E4C006300C59B55 /* ZZSingleton.h */; settings = {ATTRIBUTES = (Public, ); }; };
		52C5544ECB27ADA6D3F63FF0 /* Pods_ZZUtil.framework in Frameworks */ = {isa = PBXBuildFile; fileRef = 948B14B40CDB798E3CD2B0CF /* Pods_ZZUtil.framework */; };
/* End PBXBuildFile section */

/* Begin PBXFileReference section */
		33E5F6A22504F0C93B6255D1 /* Pods-ZZUtil.debug.xcconfig */ = {isa = PBXFileReference; includeInIndex = 1; lastKnownFileType = text.xcconfig; name = "Pods-ZZUtil.debug.xcconfig"; path = "../Pods/Target Support Files/Pods-ZZUtil/Pods-ZZUtil.debug.xcconfig"; sourceTree = "<group>"; };
		3A4F33D81E3ABAD800625D8E /* ZZUtil.framework */ = {isa = PBXFileReference; explicitFileType = wrapper.framework; includeInIndex = 0; path = ZZUtil.framework; sourceTree = BUILT_PRODUCTS_DIR; };
		3A4F33DB1E3ABAD800625D8E /* ZZUtil.h */ = {isa = PBXFileReference; lastKnownFileType = sourcecode.c.h; path = ZZUtil.h; sourceTree = "<group>"; };
		3A4F33DC1E3ABAD800625D8E /* Info.plist */ = {isa = PBXFileReference; lastKnownFileType = text.plist.xml; path = Info.plist; sourceTree = "<group>"; };
		3A4F33E51E3ABAF100625D8E /* Foundation+ZZLog.m */ = {isa = PBXFileReference; fileEncoding = 4; lastKnownFileType = sourcecode.c.objc; path = "Foundation+ZZLog.m"; sourceTree = "<group>"; };
		3A4F33E61E3ABAF100625D8E /* Foundation+ZZSwizzle.h */ = {isa = PBXFileReference; fileEncoding = 4; lastKnownFileType = sourcecode.c.h; path = "Foundation+ZZSwizzle.h"; sourceTree = "<group>"; };
		3A4F33E71E3ABAF100625D8E /* Foundation+ZZSwizzle.m */ = {isa = PBXFileReference; fileEncoding = 4; lastKnownFileType = sourcecode.c.objc; path = "Foundation+ZZSwizzle.m"; sourceTree = "<group>"; };
		3A4F33E91E3ABAF100625D8E /* NSArray+ZZSafeAccess.h */ = {isa = PBXFileReference; fileEncoding = 4; lastKnownFileType = sourcecode.c.h; path = "NSArray+ZZSafeAccess.h"; sourceTree = "<group>"; };
		3A4F33EA1E3ABAF100625D8E /* NSArray+ZZSafeAccess.m */ = {isa = PBXFileReference; fileEncoding = 4; lastKnownFileType = sourcecode.c.objc; path = "NSArray+ZZSafeAccess.m"; sourceTree = "<group>"; };
		3A4F33EB1E3ABAF100625D8E /* NSMutableArray+ZZSetValue.h */ = {isa = PBXFileReference; fileEncoding = 4; lastKnownFileType = sourcecode.c.h; path = "NSMutableArray+ZZSetValue.h"; sourceTree = "<group>"; };
		3A4F33EC1E3ABAF100625D8E /* NSMutableArray+ZZSetValue.m */ = {isa = PBXFileReference; fileEncoding = 4; lastKnownFileType = sourcecode.c.objc; path = "NSMutableArray+ZZSetValue.m"; sourceTree = "<group>"; };
		3A4F33EE1E3ABAF100625D8E /* NSDictionary+ZZMerge.h */ = {isa = PBXFileReference; fileEncoding = 4; lastKnownFileType = sourcecode.c.h; path = "NSDictionary+ZZMerge.h"; sourceTree = "<group>"; };
		3A4F33EF1E3ABAF100625D8E /* NSDictionary+ZZMerge.m */ = {isa = PBXFileReference; fileEncoding = 4; lastKnownFileType = sourcecode.c.objc; path = "NSDictionary+ZZMerge.m"; sourceTree = "<group>"; };
		3A4F33F01E3ABAF100625D8E /* NSDictionary+ZZSafeAccess.h */ = {isa = PBXFileReference; fileEncoding = 4; lastKnownFileType = sourcecode.c.h; path = "NSDictionary+ZZSafeAccess.h"; sourceTree = "<group>"; };
		3A4F33F11E3ABAF100625D8E /* NSDictionary+ZZSafeAccess.m */ = {isa = PBXFileReference; fileEncoding = 4; lastKnownFileType = sourcecode.c.objc; path = "NSDictionary+ZZSafeAccess.m"; sourceTree = "<group>"; };
		3A4F33F21E3ABAF100625D8E /* NSDictionary+ZZTool.h */ = {isa = PBXFileReference; fileEncoding = 4; lastKnownFileType = sourcecode.c.h; path = "NSDictionary+ZZTool.h"; sourceTree = "<group>"; };
		3A4F33F31E3ABAF100625D8E /* NSDictionary+ZZTool.m */ = {isa = PBXFileReference; fileEncoding = 4; lastKnownFileType = sourcecode.c.objc; path = "NSDictionary+ZZTool.m"; sourceTree = "<group>"; };
		3A4F33F41E3ABAF100625D8E /* NSMutableDictionary+ZZSetValue.h */ = {isa = PBXFileReference; fileEncoding = 4; lastKnownFileType = sourcecode.c.h; path = "NSMutableDictionary+ZZSetValue.h"; sourceTree = "<group>"; };
		3A4F33F51E3ABAF100625D8E /* NSMutableDictionary+ZZSetValue.m */ = {isa = PBXFileReference; fileEncoding = 4; lastKnownFileType = sourcecode.c.objc; path = "NSMutableDictionary+ZZSetValue.m"; sourceTree = "<group>"; };
		3A4F33F91E3ABAF100625D8E /* NSObject+ZZAssociatedObject.h */ = {isa = PBXFileReference; fileEncoding = 4; lastKnownFileType = sourcecode.c.h; path = "NSObject+ZZAssociatedObject.h"; sourceTree = "<group>"; };
		3A4F33FA1E3ABAF100625D8E /* NSObject+ZZAssociatedObject.m */ = {isa = PBXFileReference; fileEncoding = 4; lastKnownFileType = sourcecode.c.objc; path = "NSObject+ZZAssociatedObject.m"; sourceTree = "<group>"; };
		3A4F33FB1E3ABAF100625D8E /* NSObject+ZZCheckup.h */ = {isa = PBXFileReference; fileEncoding = 4; lastKnownFileType = sourcecode.c.h; path = "NSObject+ZZCheckup.h"; sourceTree = "<group>"; };
		3A4F33FC1E3ABAF100625D8E /* NSObject+ZZCheckup.m */ = {isa = PBXFileReference; fileEncoding = 4; lastKnownFileType = sourcecode.c.objc; path = "NSObject+ZZCheckup.m"; sourceTree = "<group>"; };
		3A4F33FE1E3ABAF100625D8E /* NSString+ZZBase64.h */ = {isa = PBXFileReference; fileEncoding = 4; lastKnownFileType = sourcecode.c.h; path = "NSString+ZZBase64.h"; sourceTree = "<group>"; };
		3A4F33FF1E3ABAF100625D8E /* NSString+ZZBase64.m */ = {isa = PBXFileReference; fileEncoding = 4; lastKnownFileType = sourcecode.c.objc; path = "NSString+ZZBase64.m"; sourceTree = "<group>"; };
		3A4F34001E3ABAF100625D8E /* NSString+ZZHash.h */ = {isa = PBXFileReference; fileEncoding = 4; lastKnownFileType = sourcecode.c.h; path = "NSString+ZZHash.h"; sourceTree = "<group>"; };
		3A4F34011E3ABAF100625D8E /* NSString+ZZHash.m */ = {isa = PBXFileReference; fileEncoding = 4; lastKnownFileType = sourcecode.c.objc; path = "NSString+ZZHash.m"; sourceTree = "<group>"; };
		3A4F34021E3ABAF100625D8E /* NSString+ZZNetWork.h */ = {isa = PBXFileReference; fileEncoding = 4; lastKnownFileType = sourcecode.c.h; path = "NSString+ZZNetWork.h"; sourceTree = "<group>"; };
		3A4F34031E3ABAF100625D8E /* NSString+ZZNetWork.m */ = {isa = PBXFileReference; fileEncoding = 4; lastKnownFileType = sourcecode.c.objc; path = "NSString+ZZNetWork.m"; sourceTree = "<group>"; };
		3A4F34041E3ABAF100625D8E /* NSString+ZZRegex.h */ = {isa = PBXFileReference; fileEncoding = 4; lastKnownFileType = sourcecode.c.h; path = "NSString+ZZRegex.h"; sourceTree = "<group>"; };
		3A4F34051E3ABAF100625D8E /* NSString+ZZRegex.m */ = {isa = PBXFileReference; fileEncoding = 4; lastKnownFileType = sourcecode.c.objc; path = "NSString+ZZRegex.m"; sourceTree = "<group>"; };
		3A4F34061E3ABAF100625D8E /* NSString+ZZTool.h */ = {isa = PBXFileReference; fileEncoding = 4; lastKnownFileType = sourcecode.c.h; path = "NSString+ZZTool.h"; sourceTree = "<group>"; };
		3A4F34071E3ABAF100625D8E /* NSString+ZZTool.m */ = {isa = PBXFileReference; fileEncoding = 4; lastKnownFileType = sourcecode.c.objc; path = "NSString+ZZTool.m"; sourceTree = "<group>"; };
		3A4F34091E3ABAF100625D8E /* UIColor+ZZTool.h */ = {isa = PBXFileReference; fileEncoding = 4; lastKnownFileType = sourcecode.c.h; path = "UIColor+ZZTool.h"; sourceTree = "<group>"; };
		3A4F340A1E3ABAF100625D8E /* UIColor+ZZTool.m */ = {isa = PBXFileReference; fileEncoding = 4; lastKnownFileType = sourcecode.c.objc; path = "UIColor+ZZTool.m"; sourceTree = "<group>"; };
		3A4F340C1E3ABAF100625D8E /* UIImage+ZZTool.h */ = {isa = PBXFileReference; fileEncoding = 4; lastKnownFileType = sourcecode.c.h; path = "UIImage+ZZTool.h"; sourceTree = "<group>"; };
		3A4F340D1E3ABAF100625D8E /* UIImage+ZZTool.m */ = {isa = PBXFileReference; fileEncoding = 4; lastKnownFileType = sourcecode.c.objc; path = "UIImage+ZZTool.m"; sourceTree = "<group>"; };
		3A4F340F1E3ABAF100625D8E /* UIView+ZZFrame.h */ = {isa = PBXFileReference; fileEncoding = 4; lastKnownFileType = sourcecode.c.h; path = "UIView+ZZFrame.h"; sourceTree = "<group>"; };
		3A4F34101E3ABAF100625D8E /* UIView+ZZFrame.m */ = {isa = PBXFileReference; fileEncoding = 4; lastKnownFileType = sourcecode.c.objc; path = "UIView+ZZFrame.m"; sourceTree = "<group>"; };
		3A4F34111E3ABAF100625D8E /* UIView+ZZTool.h */ = {isa = PBXFileReference; fileEncoding = 4; lastKnownFileType = sourcecode.c.h; path = "UIView+ZZTool.h"; sourceTree = "<group>"; };
		3A4F34121E3ABAF100625D8E /* UIView+ZZTool.m */ = {isa = PBXFileReference; fileEncoding = 4; lastKnownFileType = sourcecode.c.objc; path = "UIView+ZZTool.m"; sourceTree = "<group>"; };
		3A4F34141E3ABAF100625D8E /* UIViewController+ZZStack.h */ = {isa = PBXFileReference; fileEncoding = 4; lastKnownFileType = sourcecode.c.h; path = "UIViewController+ZZStack.h"; sourceTree = "<group>"; };
		3A4F34151E3ABAF100625D8E /* UIViewController+ZZStack.m */ = {isa = PBXFileReference; fileEncoding = 4; lastKnownFileType = sourcecode.c.objc; path = "UIViewController+ZZStack.m"; sourceTree = "<group>"; };
		3A4F34181E3ABAF100625D8E /* ZZMacro.h */ = {isa = PBXFileReference; fileEncoding = 4; lastKnownFileType = sourcecode.c.h; path = ZZMacro.h; sourceTree = "<group>"; };
		3A4F341A1E3ABAF100625D8E /* LDNetGetAddress.h */ = {isa = PBXFileReference; fileEncoding = 4; lastKnownFileType = sourcecode.c.h; path = LDNetGetAddress.h; sourceTree = "<group>"; };
		3A4F341B1E3ABAF100625D8E /* LDNetGetAddress.m */ = {isa = PBXFileReference; fileEncoding = 4; lastKnownFileType = sourcecode.c.objc; path = LDNetGetAddress.m; sourceTree = "<group>"; };
		3A4F341C1E3ABAF100625D8E /* route.h */ = {isa = PBXFileReference; fileEncoding = 4; lastKnownFileType = sourcecode.c.h; path = route.h; sourceTree = "<group>"; };
		3A4F341D1E3ABAF100625D8E /* SSNetworkInfo.h */ = {isa = PBXFileReference; fileEncoding = 4; lastKnownFileType = sourcecode.c.h; path = SSNetworkInfo.h; sourceTree = "<group>"; };
		3A4F341E1E3ABAF100625D8E /* SSNetworkInfo.m */ = {isa = PBXFileReference; fileEncoding = 4; lastKnownFileType = sourcecode.c.objc; path = SSNetworkInfo.m; sourceTree = "<group>"; };
		3A4F341F1E3ABAF100625D8E /* ZZNetwork.h */ = {isa = PBXFileReference; fileEncoding = 4; lastKnownFileType = sourcecode.c.h; path = ZZNetwork.h; sourceTree = "<group>"; };
		3A4F34201E3ABAF100625D8E /* ZZNetwork.m */ = {isa = PBXFileReference; fileEncoding = 4; lastKnownFileType = sourcecode.c.objc; path = ZZNetwork.m; sourceTree = "<group>"; };
		3A503E551E3AEB3E006ACDF1 /* ZZCategoryHeader.h */ = {isa = PBXFileReference; fileEncoding = 4; lastKnownFileType = sourcecode.c.h; path = ZZCategoryHeader.h; sourceTree = "<group>"; };
		3A503E701E3BC042006ACDF1 /* NSString+ZZPercentEscape.h */ = {isa = PBXFileReference; fileEncoding = 4; lastKnownFileType = sourcecode.c.h; path = "NSString+ZZPercentEscape.h"; sourceTree = "<group>"; };
		3A503E711E3BC042006ACDF1 /* NSString+ZZPercentEscape.m */ = {isa = PBXFileReference; fileEncoding = 4; lastKnownFileType = sourcecode.c.objc; path = "NSString+ZZPercentEscape.m"; sourceTree = "<group>"; };
		3A503E761E3BC12F006ACDF1 /* DESSecureOperation.h */ = {isa = PBXFileReference; fileEncoding = 4; lastKnownFileType = sourcecode.c.h; path = DESSecureOperation.h; sourceTree = "<group>"; };
		3A503E771E3BC12F006ACDF1 /* DESSecureOperation.m */ = {isa = PBXFileReference; fileEncoding = 4; lastKnownFileType = sourcecode.c.objc; path = DESSecureOperation.m; sourceTree = "<group>"; };
		3A503E781E3BC12F006ACDF1 /* GTMBase64.h */ = {isa = PBXFileReference; fileEncoding = 4; lastKnownFileType = sourcecode.c.h; path = GTMBase64.h; sourceTree = "<group>"; };
		3A503E791E3BC12F006ACDF1 /* GTMBase64.m */ = {isa = PBXFileReference; fileEncoding = 4; lastKnownFileType = sourcecode.c.objc; path = GTMBase64.m; sourceTree = "<group>"; };
		3A503E7A1E3BC12F006ACDF1 /* GTMDefines.h */ = {isa = PBXFileReference; fileEncoding = 4; lastKnownFileType = sourcecode.c.h; path = GTMDefines.h; sourceTree = "<group>"; };
		3A503E7D1E3BC12F006ACDF1 /* RsaSecretKey.h */ = {isa = PBXFileReference; fileEncoding = 4; lastKnownFileType = sourcecode.c.h; path = RsaSecretKey.h; sourceTree = "<group>"; };
		3A503E7E1E3BC12F006ACDF1 /* RsaSecretKey.m */ = {isa = PBXFileReference; fileEncoding = 4; lastKnownFileType = sourcecode.c.objc; path = RsaSecretKey.m; sourceTree = "<group>"; };
		3A867E421E4A3B6F00224FCD /* Foundation+ZZLogMonitor.m */ = {isa = PBXFileReference; fileEncoding = 4; lastKnownFileType = sourcecode.c.objc; path = "Foundation+ZZLogMonitor.m"; sourceTree = "<group>"; };
		3A867E451E4A3DCB00224FCD /* Foundation+ZZLogMonitor.h */ = {isa = PBXFileReference; fileEncoding = 4; lastKnownFileType = sourcecode.c.h; path = "Foundation+ZZLogMonitor.h"; sourceTree = "<group>"; };
		3AC699321E4D8FE200E112B8 /* NSObject+ZZResetProperty.h */ = {isa = PBXFileReference; fileEncoding = 4; lastKnownFileType = sourcecode.c.h; path = "NSObject+ZZResetProperty.h"; sourceTree = "<group>"; };
		3AC699331E4D8FE200E112B8 /* NSObject+ZZResetProperty.m */ = {isa = PBXFileReference; fileEncoding = 4; lastKnownFileType = sourcecode.c.objc; path = "NSObject+ZZResetProperty.m"; sourceTree = "<group>"; };
		3AE7A43C1E4C006300C59B55 /* ZZSingleton.h */ = {isa = PBXFileReference; fileEncoding = 4; lastKnownFileType = sourcecode.c.h; path = ZZSingleton.h; sourceTree = "<group>"; };
		948B14B40CDB798E3CD2B0CF /* Pods_ZZUtil.framework */ = {isa = PBXFileReference; explicitFileType = wrapper.framework; includeInIndex = 0; path = Pods_ZZUtil.framework; sourceTree = BUILT_PRODUCTS_DIR; };
		AA6E2B3C5F935F69515C16B4 /* Pods-ZZUtil.release.xcconfig */ = {isa = PBXFileReference; includeInIndex = 1; lastKnownFileType = text.xcconfig; name = "Pods-ZZUtil.release.xcconfig"; path = "../Pods/Target Support Files/Pods-ZZUtil/Pods-ZZUtil.release.xcconfig"; sourceTree = "<group>"; };
/* End PBXFileReference section */

/* Begin PBXFrameworksBuildPhase section */
		3A4F33D41E3ABAD800625D8E /* Frameworks */ = {
			isa = PBXFrameworksBuildPhase;
			buildActionMask = 2147483647;
			files = (
				52C5544ECB27ADA6D3F63FF0 /* Pods_ZZUtil.framework in Frameworks */,
			);
			runOnlyForDeploymentPostprocessing = 0;
		};
/* End PBXFrameworksBuildPhase section */

/* Begin PBXGroup section */
		3A4F33CE1E3ABAD800625D8E = {
			isa = PBXGroup;
			children = (
				3A4F33DA1E3ABAD800625D8E /* ZZUtil */,
				3A4F33D91E3ABAD800625D8E /* Products */,
				AEE5609E9728414D00E37E57 /* Pods */,
				AF97534D8ACF1BF7DF8ECE56 /* Frameworks */,
			);
			sourceTree = "<group>";
		};
		3A4F33D91E3ABAD800625D8E /* Products */ = {
			isa = PBXGroup;
			children = (
				3A4F33D81E3ABAD800625D8E /* ZZUtil.framework */,
			);
			name = Products;
			sourceTree = "<group>";
		};
		3A4F33DA1E3ABAD800625D8E /* ZZUtil */ = {
			isa = PBXGroup;
			children = (
				3A503E751E3BC0FA006ACDF1 /* Secure */,
				3A4F33E31E3ABAF100625D8E /* Categories */,
				3A4F34171E3ABAF100625D8E /* Macro */,
				3A4F34191E3ABAF100625D8E /* Network */,
				3A4F33DB1E3ABAD800625D8E /* ZZUtil.h */,
				3A4F33DC1E3ABAD800625D8E /* Info.plist */,
			);
			path = ZZUtil;
			sourceTree = "<group>";
		};
		3A4F33E31E3ABAF100625D8E /* Categories */ = {
			isa = PBXGroup;
			children = (
				3A503E551E3AEB3E006ACDF1 /* ZZCategoryHeader.h */,
				3A4F33E41E3ABAF100625D8E /* Foundation */,
				3A4F33E81E3ABAF100625D8E /* NSArray */,
				3A4F33ED1E3ABAF100625D8E /* NSDictionary */,
				3A4F33F61E3ABAF100625D8E /* NSObject */,
				3A4F33FD1E3ABAF100625D8E /* NSString */,
				3A4F34081E3ABAF100625D8E /* UIColor */,
				3A4F340B1E3ABAF100625D8E /* UIImage */,
				3A4F340E1E3ABAF100625D8E /* UIView */,
				3A4F34131E3ABAF100625D8E /* UIViewController */,
			);
			path = Categories;
			sourceTree = "<group>";
		};
		3A4F33E41E3ABAF100625D8E /* Foundation */ = {
			isa = PBXGroup;
			children = (
				3A867E451E4A3DCB00224FCD /* Foundation+ZZLogMonitor.h */,
				3A867E421E4A3B6F00224FCD /* Foundation+ZZLogMonitor.m */,
				3A4F33E51E3ABAF100625D8E /* Foundation+ZZLog.m */,
				3A4F33E61E3ABAF100625D8E /* Foundation+ZZSwizzle.h */,
				3A4F33E71E3ABAF100625D8E /* Foundation+ZZSwizzle.m */,
			);
			path = Foundation;
			sourceTree = "<group>";
		};
		3A4F33E81E3ABAF100625D8E /* NSArray */ = {
			isa = PBXGroup;
			children = (
				3A4F33E91E3ABAF100625D8E /* NSArray+ZZSafeAccess.h */,
				3A4F33EA1E3ABAF100625D8E /* NSArray+ZZSafeAccess.m */,
				3A4F33EB1E3ABAF100625D8E /* NSMutableArray+ZZSetValue.h */,
				3A4F33EC1E3ABAF100625D8E /* NSMutableArray+ZZSetValue.m */,
			);
			path = NSArray;
			sourceTree = "<group>";
		};
		3A4F33ED1E3ABAF100625D8E /* NSDictionary */ = {
			isa = PBXGroup;
			children = (
				3A4F33EE1E3ABAF100625D8E /* NSDictionary+ZZMerge.h */,
				3A4F33EF1E3ABAF100625D8E /* NSDictionary+ZZMerge.m */,
				3A4F33F01E3ABAF100625D8E /* NSDictionary+ZZSafeAccess.h */,
				3A4F33F11E3ABAF100625D8E /* NSDictionary+ZZSafeAccess.m */,
				3A4F33F21E3ABAF100625D8E /* NSDictionary+ZZTool.h */,
				3A4F33F31E3ABAF100625D8E /* NSDictionary+ZZTool.m */,
				3A4F33F41E3ABAF100625D8E /* NSMutableDictionary+ZZSetValue.h */,
				3A4F33F51E3ABAF100625D8E /* NSMutableDictionary+ZZSetValue.m */,
			);
			path = NSDictionary;
			sourceTree = "<group>";
		};
		3A4F33F61E3ABAF100625D8E /* NSObject */ = {
			isa = PBXGroup;
			children = (
				3A4F33F91E3ABAF100625D8E /* NSObject+ZZAssociatedObject.h */,
				3A4F33FA1E3ABAF100625D8E /* NSObject+ZZAssociatedObject.m */,
				3A4F33FB1E3ABAF100625D8E /* NSObject+ZZCheckup.h */,
				3A4F33FC1E3ABAF100625D8E /* NSObject+ZZCheckup.m */,
				3AC699321E4D8FE200E112B8 /* NSObject+ZZResetProperty.h */,
				3AC699331E4D8FE200E112B8 /* NSObject+ZZResetProperty.m */,
			);
			path = NSObject;
			sourceTree = "<group>";
		};
		3A4F33FD1E3ABAF100625D8E /* NSString */ = {
			isa = PBXGroup;
			children = (
				3A503E701E3BC042006ACDF1 /* NSString+ZZPercentEscape.h */,
				3A503E711E3BC042006ACDF1 /* NSString+ZZPercentEscape.m */,
				3A4F33FE1E3ABAF100625D8E /* NSString+ZZBase64.h */,
				3A4F33FF1E3ABAF100625D8E /* NSString+ZZBase64.m */,
				3A4F34001E3ABAF100625D8E /* NSString+ZZHash.h */,
				3A4F34011E3ABAF100625D8E /* NSString+ZZHash.m */,
				3A4F34021E3ABAF100625D8E /* NSString+ZZNetWork.h */,
				3A4F34031E3ABAF100625D8E /* NSString+ZZNetWork.m */,
				3A4F34041E3ABAF100625D8E /* NSString+ZZRegex.h */,
				3A4F34051E3ABAF100625D8E /* NSString+ZZRegex.m */,
				3A4F34061E3ABAF100625D8E /* NSString+ZZTool.h */,
				3A4F34071E3ABAF100625D8E /* NSString+ZZTool.m */,
			);
			path = NSString;
			sourceTree = "<group>";
		};
		3A4F34081E3ABAF100625D8E /* UIColor */ = {
			isa = PBXGroup;
			children = (
				3A4F34091E3ABAF100625D8E /* UIColor+ZZTool.h */,
				3A4F340A1E3ABAF100625D8E /* UIColor+ZZTool.m */,
			);
			path = UIColor;
			sourceTree = "<group>";
		};
		3A4F340B1E3ABAF100625D8E /* UIImage */ = {
			isa = PBXGroup;
			children = (
				3A4F340C1E3ABAF100625D8E /* UIImage+ZZTool.h */,
				3A4F340D1E3ABAF100625D8E /* UIImage+ZZTool.m */,
			);
			path = UIImage;
			sourceTree = "<group>";
		};
		3A4F340E1E3ABAF100625D8E /* UIView */ = {
			isa = PBXGroup;
			children = (
				3A4F340F1E3ABAF100625D8E /* UIView+ZZFrame.h */,
				3A4F34101E3ABAF100625D8E /* UIView+ZZFrame.m */,
				3A4F34111E3ABAF100625D8E /* UIView+ZZTool.h */,
				3A4F34121E3ABAF100625D8E /* UIView+ZZTool.m */,
			);
			path = UIView;
			sourceTree = "<group>";
		};
		3A4F34131E3ABAF100625D8E /* UIViewController */ = {
			isa = PBXGroup;
			children = (
				3A4F34141E3ABAF100625D8E /* UIViewController+ZZStack.h */,
				3A4F34151E3ABAF100625D8E /* UIViewController+ZZStack.m */,
			);
			path = UIViewController;
			sourceTree = "<group>";
		};
		3A4F34171E3ABAF100625D8E /* Macro */ = {
			isa = PBXGroup;
			children = (
				3AE7A43C1E4C006300C59B55 /* ZZSingleton.h */,
				3A4F34181E3ABAF100625D8E /* ZZMacro.h */,
			);
			path = Macro;
			sourceTree = "<group>";
		};
		3A4F34191E3ABAF100625D8E /* Network */ = {
			isa = PBXGroup;
			children = (
				3A4F341A1E3ABAF100625D8E /* LDNetGetAddress.h */,
				3A4F341B1E3ABAF100625D8E /* LDNetGetAddress.m */,
				3A4F341C1E3ABAF100625D8E /* route.h */,
				3A4F341D1E3ABAF100625D8E /* SSNetworkInfo.h */,
				3A4F341E1E3ABAF100625D8E /* SSNetworkInfo.m */,
				3A4F341F1E3ABAF100625D8E /* ZZNetwork.h */,
				3A4F34201E3ABAF100625D8E /* ZZNetwork.m */,
			);
			path = Network;
			sourceTree = "<group>";
		};
		3A503E751E3BC0FA006ACDF1 /* Secure */ = {
			isa = PBXGroup;
			children = (
				3A503E761E3BC12F006ACDF1 /* DESSecureOperation.h */,
				3A503E771E3BC12F006ACDF1 /* DESSecureOperation.m */,
				3A503E781E3BC12F006ACDF1 /* GTMBase64.h */,
				3A503E791E3BC12F006ACDF1 /* GTMBase64.m */,
				3A503E7A1E3BC12F006ACDF1 /* GTMDefines.h */,
				3A503E7D1E3BC12F006ACDF1 /* RsaSecretKey.h */,
				3A503E7E1E3BC12F006ACDF1 /* RsaSecretKey.m */,
			);
			path = Secure;
			sourceTree = "<group>";
		};
		AEE5609E9728414D00E37E57 /* Pods */ = {
			isa = PBXGroup;
			children = (
				33E5F6A22504F0C93B6255D1 /* Pods-ZZUtil.debug.xcconfig */,
				AA6E2B3C5F935F69515C16B4 /* Pods-ZZUtil.release.xcconfig */,
			);
			name = Pods;
			sourceTree = "<group>";
		};
		AF97534D8ACF1BF7DF8ECE56 /* Frameworks */ = {
			isa = PBXGroup;
			children = (
				948B14B40CDB798E3CD2B0CF /* Pods_ZZUtil.framework */,
			);
			name = Frameworks;
			sourceTree = "<group>";
		};
/* End PBXGroup section */

/* Begin PBXHeadersBuildPhase section */
		3A4F33D51E3ABAD800625D8E /* Headers */ = {
			isa = PBXHeadersBuildPhase;
			buildActionMask = 2147483647;
			files = (
				3A4F34511E3ABAF100625D8E /* ZZNetwork.h in Headers */,
				3A4F344F1E3ABAF100625D8E /* SSNetworkInfo.h in Headers */,
				3A4F344B1E3ABAF100625D8E /* ZZMacro.h in Headers */,
				3A4F344C1E3ABAF100625D8E /* LDNetGetAddress.h in Headers */,
				3A4F34341E3ABAF100625D8E /* NSObject+ZZCheckup.h in Headers */,
				3A4F342A1E3ABAF100625D8E /* NSDictionary+ZZSafeAccess.h in Headers */,
				3A4F34221E3ABAF100625D8E /* Foundation+ZZSwizzle.h in Headers */,
				3A4F34481E3ABAF100625D8E /* UIViewController+ZZStack.h in Headers */,
				3A4F343A1E3ABAF100625D8E /* NSString+ZZNetWork.h in Headers */,
				3A4F34441E3ABAF100625D8E /* UIView+ZZFrame.h in Headers */,
				3A4F34401E3ABAF100625D8E /* UIColor+ZZTool.h in Headers */,
				3A503E811E3BC12F006ACDF1 /* GTMBase64.h in Headers */,
				3A4F34381E3ABAF100625D8E /* NSString+ZZHash.h in Headers */,
				3A4F34361E3ABAF100625D8E /* NSString+ZZBase64.h in Headers */,
				3A4F34241E3ABAF100625D8E /* NSArray+ZZSafeAccess.h in Headers */,
				3A4F34321E3ABAF100625D8E /* NSObject+ZZAssociatedObject.h in Headers */,
				3A4F342C1E3ABAF100625D8E /* NSDictionary+ZZTool.h in Headers */,
				3A4F342E1E3ABAF100625D8E /* NSMutableDictionary+ZZSetValue.h in Headers */,
				3A503E721E3BC042006ACDF1 /* NSString+ZZPercentEscape.h in Headers */,
				3A4F34281E3ABAF100625D8E /* NSDictionary+ZZMerge.h in Headers */,
				3A4F343E1E3ABAF100625D8E /* NSString+ZZTool.h in Headers */,
				3A503E861E3BC12F006ACDF1 /* RsaSecretKey.h in Headers */,
				3A503E7F1E3BC12F006ACDF1 /* DESSecureOperation.h in Headers */,
				3A4F34461E3ABAF100625D8E /* UIView+ZZTool.h in Headers */,
				3A503E831E3BC12F006ACDF1 /* GTMDefines.h in Headers */,
				3A4F34421E3ABAF100625D8E /* UIImage+ZZTool.h in Headers */,
				3A4F34261E3ABAF100625D8E /* NSMutableArray+ZZSetValue.h in Headers */,
				3AE7A43D1E4C006300C59B55 /* ZZSingleton.h in Headers */,
				3AC699341E4D8FE200E112B8 /* NSObject+ZZResetProperty.h in Headers */,
				3A867E461E4A3DCB00224FCD /* Foundation+ZZLogMonitor.h in Headers */,
				3A503E561E3AEB3E006ACDF1 /* ZZCategoryHeader.h in Headers */,
				3A4F343C1E3ABAF100625D8E /* NSString+ZZRegex.h in Headers */,
				3A4F33DD1E3ABAD800625D8E /* ZZUtil.h in Headers */,
				3A4F344E1E3ABAF100625D8E /* route.h in Headers */,
			);
			runOnlyForDeploymentPostprocessing = 0;
		};
/* End PBXHeadersBuildPhase section */

/* Begin PBXNativeTarget section */
		3A4F33D71E3ABAD800625D8E /* ZZUtil */ = {
			isa = PBXNativeTarget;
			buildConfigurationList = 3A4F33E01E3ABAD800625D8E /* Build configuration list for PBXNativeTarget "ZZUtil" */;
			buildPhases = (
				4A63AF2990AE0E4329CBE164 /* [CP] Check Pods Manifest.lock */,
				3A4F33D31E3ABAD800625D8E /* Sources */,
				3A4F33D41E3ABAD800625D8E /* Frameworks */,
				3A4F33D51E3ABAD800625D8E /* Headers */,
				3A4F33D61E3ABAD800625D8E /* Resources */,
				BF711B09DC998327B4DB2E0D /* [CP] Copy Pods Resources */,
			);
			buildRules = (
			);
			dependencies = (
			);
			name = ZZUtil;
			productName = ZZUtil;
			productReference = 3A4F33D81E3ABAD800625D8E /* ZZUtil.framework */;
			productType = "com.apple.product-type.framework";
		};
/* End PBXNativeTarget section */

/* Begin PBXProject section */
		3A4F33CF1E3ABAD800625D8E /* Project object */ = {
			isa = PBXProject;
			attributes = {
				LastUpgradeCheck = 0820;
				ORGANIZATIONNAME = zz;
				TargetAttributes = {
					3A4F33D71E3ABAD800625D8E = {
						CreatedOnToolsVersion = 8.2.1;
						DevelopmentTeam = 3G867EH2KH;
						ProvisioningStyle = Automatic;
					};
				};
			};
			buildConfigurationList = 3A4F33D21E3ABAD800625D8E /* Build configuration list for PBXProject "ZZUtil" */;
			compatibilityVersion = "Xcode 3.2";
			developmentRegion = English;
			hasScannedForEncodings = 0;
			knownRegions = (
				en,
			);
			mainGroup = 3A4F33CE1E3ABAD800625D8E;
			productRefGroup = 3A4F33D91E3ABAD800625D8E /* Products */;
			projectDirPath = "";
			projectRoot = "";
			targets = (
				3A4F33D71E3ABAD800625D8E /* ZZUtil */,
			);
		};
/* End PBXProject section */

/* Begin PBXResourcesBuildPhase section */
		3A4F33D61E3ABAD800625D8E /* Resources */ = {
			isa = PBXResourcesBuildPhase;
			buildActionMask = 2147483647;
			files = (
			);
			runOnlyForDeploymentPostprocessing = 0;
		};
/* End PBXResourcesBuildPhase section */

/* Begin PBXShellScriptBuildPhase section */
		4A63AF2990AE0E4329CBE164 /* [CP] Check Pods Manifest.lock */ = {
			isa = PBXShellScriptBuildPhase;
			buildActionMask = 2147483647;
			files = (
			);
			inputPaths = (
			);
			name = "[CP] Check Pods Manifest.lock";
			outputPaths = (
			);
			runOnlyForDeploymentPostprocessing = 0;
			shellPath = /bin/sh;
			shellScript = "diff \"${PODS_ROOT}/../Podfile.lock\" \"${PODS_ROOT}/Manifest.lock\" > /dev/null\nif [ $? != 0 ] ; then\n    # print error to STDERR\n    echo \"error: The sandbox is not in sync with the Podfile.lock. Run 'pod install' or update your CocoaPods installation.\" >&2\n    exit 1\nfi\n";
			showEnvVarsInLog = 0;
		};
		BF711B09DC998327B4DB2E0D /* [CP] Copy Pods Resources */ = {
			isa = PBXShellScriptBuildPhase;
			buildActionMask = 2147483647;
			files = (
			);
			inputPaths = (
			);
			name = "[CP] Copy Pods Resources";
			outputPaths = (
			);
			runOnlyForDeploymentPostprocessing = 0;
			shellPath = /bin/sh;
			shellScript = "\"${SRCROOT}/../Pods/Target Support Files/Pods-ZZUtil/Pods-ZZUtil-resources.sh\"\n";
			showEnvVarsInLog = 0;
		};
/* End PBXShellScriptBuildPhase section */

/* Begin PBXSourcesBuildPhase section */
		3A4F33D31E3ABAD800625D8E /* Sources */ = {
			isa = PBXSourcesBuildPhase;
			buildActionMask = 2147483647;
			files = (
				3A4F34471E3ABAF100625D8E /* UIView+ZZTool.m in Sources */,
				3A4F343B1E3ABAF100625D8E /* NSString+ZZNetWork.m in Sources */,
				3A4F34501E3ABAF100625D8E /* SSNetworkInfo.m in Sources */,
				3A4F343F1E3ABAF100625D8E /* NSString+ZZTool.m in Sources */,
				3A4F34391E3ABAF100625D8E /* NSString+ZZHash.m in Sources */,
				3A4F34331E3ABAF100625D8E /* NSObject+ZZAssociatedObject.m in Sources */,
				3A503E871E3BC12F006ACDF1 /* RsaSecretKey.m in Sources */,
				3A4F342F1E3ABAF100625D8E /* NSMutableDictionary+ZZSetValue.m in Sources */,
				3A503E801E3BC12F006ACDF1 /* DESSecureOperation.m in Sources */,
				3A4F34371E3ABAF100625D8E /* NSString+ZZBase64.m in Sources */,
				3A4F342D1E3ABAF100625D8E /* NSDictionary+ZZTool.m in Sources */,
				3A503E731E3BC042006ACDF1 /* NSString+ZZPercentEscape.m in Sources */,
				3A4F34271E3ABAF100625D8E /* NSMutableArray+ZZSetValue.m in Sources */,
				3A4F34491E3ABAF100625D8E /* UIViewController+ZZStack.m in Sources */,
				3A4F34521E3ABAF100625D8E /* ZZNetwork.m in Sources */,
				3A4F34431E3ABAF100625D8E /* UIImage+ZZTool.m in Sources */,
				3A4F343D1E3ABAF100625D8E /* NSString+ZZRegex.m in Sources */,
				3A4F344D1E3ABAF100625D8E /* LDNetGetAddress.m in Sources */,
				3A4F34251E3ABAF100625D8E /* NSArray+ZZSafeAccess.m in Sources */,
				3A4F34211E3ABAF100625D8E /* Foundation+ZZLog.m in Sources */,
				3A4F34291E3ABAF100625D8E /* NSDictionary+ZZMerge.m in Sources */,
				3AC699351E4D8FE200E112B8 /* NSObject+ZZResetProperty.m in Sources */,
				3A4F34351E3ABAF100625D8E /* NSObject+ZZCheckup.m in Sources */,
				3A4F34231E3ABAF100625D8E /* Foundation+ZZSwizzle.m in Sources */,
				3A4F342B1E3ABAF100625D8E /* NSDictionary+ZZSafeAccess.m in Sources */,
				3A867E431E4A3B6F00224FCD /* Foundation+ZZLogMonitor.m in Sources */,
				3A503E821E3BC12F006ACDF1 /* GTMBase64.m in Sources */,
				3A4F34451E3ABAF100625D8E /* UIView+ZZFrame.m in Sources */,
				3A4F34411E3ABAF100625D8E /* UIColor+ZZTool.m in Sources */,
			);
			runOnlyForDeploymentPostprocessing = 0;
		};
/* End PBXSourcesBuildPhase section */

/* Begin XCBuildConfiguration section */
		3A4F33DE1E3ABAD800625D8E /* Debug */ = {
			isa = XCBuildConfiguration;
			buildSettings = {
				ALWAYS_EMBED_SWIFT_STANDARD_LIBRARIES = YES;
				ALWAYS_SEARCH_USER_PATHS = NO;
				CLANG_ANALYZER_NONNULL = YES;
				CLANG_CXX_LANGUAGE_STANDARD = "gnu++0x";
				CLANG_CXX_LIBRARY = "libc++";
				CLANG_ENABLE_MODULES = YES;
				CLANG_ENABLE_OBJC_ARC = YES;
				CLANG_WARN_BOOL_CONVERSION = YES;
				CLANG_WARN_CONSTANT_CONVERSION = YES;
				CLANG_WARN_DIRECT_OBJC_ISA_USAGE = YES_ERROR;
				CLANG_WARN_DOCUMENTATION_COMMENTS = YES;
				CLANG_WARN_EMPTY_BODY = YES;
				CLANG_WARN_ENUM_CONVERSION = YES;
				CLANG_WARN_INFINITE_RECURSION = YES;
				CLANG_WARN_INT_CONVERSION = YES;
				CLANG_WARN_OBJC_ROOT_CLASS = YES_ERROR;
				CLANG_WARN_SUSPICIOUS_MOVE = YES;
				CLANG_WARN_UNREACHABLE_CODE = YES;
				CLANG_WARN__DUPLICATE_METHOD_MATCH = YES;
				"CODE_SIGN_IDENTITY[sdk=iphoneos*]" = "iPhone Developer";
				COPY_PHASE_STRIP = NO;
				CURRENT_PROJECT_VERSION = 1;
				DEBUG_INFORMATION_FORMAT = dwarf;
				ENABLE_STRICT_OBJC_MSGSEND = YES;
				ENABLE_TESTABILITY = YES;
				GCC_C_LANGUAGE_STANDARD = gnu99;
				GCC_DYNAMIC_NO_PIC = NO;
				GCC_NO_COMMON_BLOCKS = YES;
				GCC_OPTIMIZATION_LEVEL = 0;
				GCC_PREPROCESSOR_DEFINITIONS = (
					"DEBUG=1",
					"$(inherited)",
				);
				GCC_WARN_64_TO_32_BIT_CONVERSION = YES;
				GCC_WARN_ABOUT_RETURN_TYPE = YES_ERROR;
				GCC_WARN_UNDECLARED_SELECTOR = YES;
				GCC_WARN_UNINITIALIZED_AUTOS = YES_AGGRESSIVE;
				GCC_WARN_UNUSED_FUNCTION = YES;
				GCC_WARN_UNUSED_VARIABLE = YES;
				IPHONEOS_DEPLOYMENT_TARGET = 10.2;
				MTL_ENABLE_DEBUG_INFO = YES;
				ONLY_ACTIVE_ARCH = YES;
				SDKROOT = iphoneos;
				TARGETED_DEVICE_FAMILY = "1,2";
				VERSIONING_SYSTEM = "apple-generic";
				VERSION_INFO_PREFIX = "";
			};
			name = Debug;
		};
		3A4F33DF1E3ABAD800625D8E /* Release */ = {
			isa = XCBuildConfiguration;
			buildSettings = {
				ALWAYS_EMBED_SWIFT_STANDARD_LIBRARIES = YES;
				ALWAYS_SEARCH_USER_PATHS = NO;
				CLANG_ANALYZER_NONNULL = YES;
				CLANG_CXX_LANGUAGE_STANDARD = "gnu++0x";
				CLANG_CXX_LIBRARY = "libc++";
				CLANG_ENABLE_MODULES = YES;
				CLANG_ENABLE_OBJC_ARC = YES;
				CLANG_WARN_BOOL_CONVERSION = YES;
				CLANG_WARN_CONSTANT_CONVERSION = YES;
				CLANG_WARN_DIRECT_OBJC_ISA_USAGE = YES_ERROR;
				CLANG_WARN_DOCUMENTATION_COMMENTS = YES;
				CLANG_WARN_EMPTY_BODY = YES;
				CLANG_WARN_ENUM_CONVERSION = YES;
				CLANG_WARN_INFINITE_RECURSION = YES;
				CLANG_WARN_INT_CONVERSION = YES;
				CLANG_WARN_OBJC_ROOT_CLASS = YES_ERROR;
				CLANG_WARN_SUSPICIOUS_MOVE = YES;
				CLANG_WARN_UNREACHABLE_CODE = YES;
				CLANG_WARN__DUPLICATE_METHOD_MATCH = YES;
				"CODE_SIGN_IDENTITY[sdk=iphoneos*]" = "iPhone Developer";
				COPY_PHASE_STRIP = NO;
				CURRENT_PROJECT_VERSION = 1;
				DEBUG_INFORMATION_FORMAT = "dwarf-with-dsym";
				ENABLE_NS_ASSERTIONS = NO;
				ENABLE_STRICT_OBJC_MSGSEND = YES;
				GCC_C_LANGUAGE_STANDARD = gnu99;
				GCC_NO_COMMON_BLOCKS = YES;
				GCC_WARN_64_TO_32_BIT_CONVERSION = YES;
				GCC_WARN_ABOUT_RETURN_TYPE = YES_ERROR;
				GCC_WARN_UNDECLARED_SELECTOR = YES;
				GCC_WARN_UNINITIALIZED_AUTOS = YES_AGGRESSIVE;
				GCC_WARN_UNUSED_FUNCTION = YES;
				GCC_WARN_UNUSED_VARIABLE = YES;
				IPHONEOS_DEPLOYMENT_TARGET = 10.2;
				MTL_ENABLE_DEBUG_INFO = NO;
				SDKROOT = iphoneos;
				TARGETED_DEVICE_FAMILY = "1,2";
				VALIDATE_PRODUCT = YES;
				VERSIONING_SYSTEM = "apple-generic";
				VERSION_INFO_PREFIX = "";
			};
			name = Release;
		};
		3A4F33E11E3ABAD800625D8E /* Debug */ = {
			isa = XCBuildConfiguration;
			baseConfigurationReference = 33E5F6A22504F0C93B6255D1 /* Pods-ZZUtil.debug.xcconfig */;
			buildSettings = {
				ALWAYS_EMBED_SWIFT_STANDARD_LIBRARIES = NO;
				APPLICATION_EXTENSION_API_ONLY = NO;
				CODE_SIGN_IDENTITY = "";
				DEFINES_MODULE = YES;
				DEVELOPMENT_TEAM = 3G867EH2KH;
				DYLIB_COMPATIBILITY_VERSION = 1;
				DYLIB_CURRENT_VERSION = 1;
				DYLIB_INSTALL_NAME_BASE = "@rpath";
				INFOPLIST_FILE = ZZUtil/Info.plist;
				INSTALL_PATH = "$(LOCAL_LIBRARY_DIR)/Frameworks";
				IPHONEOS_DEPLOYMENT_TARGET = 8.0;
				LD_RUNPATH_SEARCH_PATHS = "$(inherited) @executable_path/Frameworks @loader_path/Frameworks";
				MACH_O_TYPE = staticlib;
				OTHER_LDFLAGS = "";
				PRODUCT_BUNDLE_IDENTIFIER = zz.ZZUtil;
				PRODUCT_NAME = "$(TARGET_NAME)";
				SKIP_INSTALL = YES;
			};
			name = Debug;
		};
		3A4F33E21E3ABAD800625D8E /* Release */ = {
			isa = XCBuildConfiguration;
			baseConfigurationReference = AA6E2B3C5F935F69515C16B4 /* Pods-ZZUtil.release.xcconfig */;
			buildSettings = {
				ALWAYS_EMBED_SWIFT_STANDARD_LIBRARIES = NO;
				APPLICATION_EXTENSION_API_ONLY = NO;
				CODE_SIGN_IDENTITY = "";
				DEFINES_MODULE = YES;
				DEVELOPMENT_TEAM = 3G867EH2KH;
				DYLIB_COMPATIBILITY_VERSION = 1;
				DYLIB_CURRENT_VERSION = 1;
				DYLIB_INSTALL_NAME_BASE = "@rpath";
				INFOPLIST_FILE = ZZUtil/Info.plist;
				INSTALL_PATH = "$(LOCAL_LIBRARY_DIR)/Frameworks";
				IPHONEOS_DEPLOYMENT_TARGET = 8.0;
				LD_RUNPATH_SEARCH_PATHS = "$(inherited) @executable_path/Frameworks @loader_path/Frameworks";
				MACH_O_TYPE = staticlib;
				OTHER_LDFLAGS = "";
				PRODUCT_BUNDLE_IDENTIFIER = zz.ZZUtil;
				PRODUCT_NAME = "$(TARGET_NAME)";
				SKIP_INSTALL = YES;
			};
			name = Release;
		};
/* End XCBuildConfiguration section */

/* Begin XCConfigurationList section */
		3A4F33D21E3ABAD800625D8E /* Build configuration list for PBXProject "ZZUtil" */ = {
			isa = XCConfigurationList;
			buildConfigurations = (
				3A4F33DE1E3ABAD800625D8E /* Debug */,
				3A4F33DF1E3ABAD800625D8E /* Release */,
			);
			defaultConfigurationIsVisible = 0;
			defaultConfigurationName = Release;
		};
		3A4F33E01E3ABAD800625D8E /* Build configuration list for PBXNativeTarget "ZZUtil" */ = {
			isa = XCConfigurationList;
			buildConfigurations = (
				3A4F33E11E3ABAD800625D8E /* Debug */,
				3A4F33E21E3ABAD800625D8E /* Release */,
			);
			defaultConfigurationIsVisible = 0;
			defaultConfigurationName = Release;
		};
/* End XCConfigurationList section */
	};
	rootObject = 3A4F33CF1E3ABAD800625D8E /* Project object */;
}
